
Microsoft Visual Studio Solution File, Format Version 12.00
# Visual Studio Version 16
VisualStudioVersion = 16.0.31321.278
MinimumVisualStudioVersion = 10.0.40219.1
Project("{FAE04EC0-301F-11D3-BF4B-00C04F79EFBC}") = "HelloWorld_Houston_Morgan", "HelloWorld_Houston_Morgan.csproj", "{FE2A524B-2FD6-46C6-9234-4A093EA57997}"
EndProject
Global
	GlobalSection(SolutionConfigurationPlatforms) = preSolution
		Debug|Any CPU = Debug|Any CPU
		Release|Any CPU = Release|Any CPU
	EndGlobalSection
	GlobalSection(ProjectConfigurationPlatforms) = postSolution
		{FE2A524B-2FD6-46C6-9234-4A093EA57997}.Debug|Any CPU.ActiveCfg = Debug|Any CPU
		{FE2A524B-2FD6-46C6-9234-4A093EA57997}.Debug|Any CPU.Build.0 = Debug|Any CPU
		{FE2A524B-2FD6-46C6-9234-4A093EA57997}.Release|Any CPU.ActiveCfg = Release|Any CPU
		{FE2A524B-2FD6-46C6-9234-4A093EA57997}.Release|Any CPU.Build.0 = Release|Any CPU
	EndGlobalSection
	GlobalSection(SolutionProperties) = preSolution
		HideSolutionNode = FALSE
	EndGlobalSection
	GlobalSection(ExtensibilityGlobals) = postSolution
		SolutionGuid = {4CC54D7E-8E8B-4F1A-B706-69BAED4CCBD0}
	EndGlobalSection
EndGlobal
